// !$*UTF8*$!
{
	archiveVersion = 1;
	classes = {
	};
	objectVersion = 46;
	objects = {

/* Begin PBXBuildFile section */
		6DA62BED19AF5F510068D567 /* image1.jpg in Resources */ = {isa = PBXBuildFile; fileRef = 6DA62BEC19AF5F510068D567 /* image1.jpg */; };
		7A80A10994A74AAABBD1F323 /* libPods.a in Frameworks */ = {isa = PBXBuildFile; fileRef = 730FF9D1886F4066A8E08E69 /* libPods.a */; };
		944CFB1419DB058900870E02 /* Quizlet.m in Sources */ = {isa = PBXBuildFile; fileRef = 944CFAEE19DB058900870E02 /* Quizlet.m */; };
		944CFB1519DB058900870E02 /* QuizletAuth.m in Sources */ = {isa = PBXBuildFile; fileRef = 944CFAF019DB058900870E02 /* QuizletAuth.m */; };
		944CFB1619DB058900870E02 /* QuizletClasses.m in Sources */ = {isa = PBXBuildFile; fileRef = 944CFAF219DB058900870E02 /* QuizletClasses.m */; };
		944CFB1719DB058900870E02 /* QuizletImages.m in Sources */ = {isa = PBXBuildFile; fileRef = 944CFAF519DB058900870E02 /* QuizletImages.m */; };
		944CFB1819DB058900870E02 /* QuizletRequest.m in Sources */ = {isa = PBXBuildFile; fileRef = 944CFAF719DB058900870E02 /* QuizletRequest.m */; };
		944CFB1919DB058900870E02 /* QuizletSearch.m in Sources */ = {isa = PBXBuildFile; fileRef = 944CFAFB19DB058900870E02 /* QuizletSearch.m */; };
		944CFB1A19DB058900870E02 /* QuizletSets.m in Sources */ = {isa = PBXBuildFile; fileRef = 944CFAFD19DB058900870E02 /* QuizletSets.m */; };
		944CFB1B19DB058900870E02 /* QuizletUsers.m in Sources */ = {isa = PBXBuildFile; fileRef = 944CFAFF19DB058900870E02 /* QuizletUsers.m */; };
		944CFB1C19DB058900870E02 /* QZAppDelegate.m in Sources */ = {isa = PBXBuildFile; fileRef = 944CFB0119DB058900870E02 /* QZAppDelegate.m */; };
		944CFB1D19DB058900870E02 /* QZBaseViewController.m in Sources */ = {isa = PBXBuildFile; fileRef = 944CFB0319DB058900870E02 /* QZBaseViewController.m */; };
		944CFB1E19DB058900870E02 /* QZClassesViewController.m in Sources */ = {isa = PBXBuildFile; fileRef = 944CFB0519DB058900870E02 /* QZClassesViewController.m */; };
		944CFB1F19DB058900870E02 /* QZExamplesTableViewCell.m in Sources */ = {isa = PBXBuildFile; fileRef = 944CFB0719DB058900870E02 /* QZExamplesTableViewCell.m */; };
		944CFB2019DB058900870E02 /* QZExamplesViewController.m in Sources */ = {isa = PBXBuildFile; fileRef = 944CFB0919DB058900870E02 /* QZExamplesViewController.m */; };
		944CFB2119DB058900870E02 /* QZImagesViewController.m in Sources */ = {isa = PBXBuildFile; fileRef = 944CFB0B19DB058900870E02 /* QZImagesViewController.m */; };
		944CFB2219DB058900870E02 /* QZSearchViewController.m in Sources */ = {isa = PBXBuildFile; fileRef = 944CFB0D19DB058900870E02 /* QZSearchViewController.m */; };
		944CFB2319DB058900870E02 /* QZSetsViewController.m in Sources */ = {isa = PBXBuildFile; fileRef = 944CFB0F19DB058900870E02 /* QZSetsViewController.m */; };
		944CFB2419DB058900870E02 /* QZUsersViewController.m in Sources */ = {isa = PBXBuildFile; fileRef = 944CFB1119DB058900870E02 /* QZUsersViewController.m */; };
		947EB7E41BB31F8E005D8679 /* LaunchScreen.storyboard in Resources */ = {isa = PBXBuildFile; fileRef = 947EB7E31BB31F8E005D8679 /* LaunchScreen.storyboard */; settings = {ASSET_TAGS = (); }; };
		94ECE8D819A0D5FD00E2641B /* Foundation.framework in Frameworks */ = {isa = PBXBuildFile; fileRef = 94ECE8D719A0D5FD00E2641B /* Foundation.framework */; };
		94ECE8DA19A0D5FD00E2641B /* CoreGraphics.framework in Frameworks */ = {isa = PBXBuildFile; fileRef = 94ECE8D919A0D5FD00E2641B /* CoreGraphics.framework */; };
		94ECE8DC19A0D5FD00E2641B /* UIKit.framework in Frameworks */ = {isa = PBXBuildFile; fileRef = 94ECE8DB19A0D5FD00E2641B /* UIKit.framework */; };
		94ECE8E219A0D5FD00E2641B /* InfoPlist.strings in Resources */ = {isa = PBXBuildFile; fileRef = 94ECE8E019A0D5FD00E2641B /* InfoPlist.strings */; };
		94ECE8E419A0D5FD00E2641B /* main.m in Sources */ = {isa = PBXBuildFile; fileRef = 94ECE8E319A0D5FD00E2641B /* main.m */; };
		94ECE8EB19A0D5FD00E2641B /* Main_iPhone.storyboard in Resources */ = {isa = PBXBuildFile; fileRef = 94ECE8E919A0D5FD00E2641B /* Main_iPhone.storyboard */; };
		94ECE8EE19A0D5FD00E2641B /* Main_iPad.storyboard in Resources */ = {isa = PBXBuildFile; fileRef = 94ECE8EC19A0D5FD00E2641B /* Main_iPad.storyboard */; };
		94ECE8F319A0D5FD00E2641B /* Images.xcassets in Resources */ = {isa = PBXBuildFile; fileRef = 94ECE8F219A0D5FD00E2641B /* Images.xcassets */; };
/* End PBXBuildFile section */

/* Begin PBXFileReference section */
		5A5AB5F36F0FC6068F392795 /* Pods.release.xcconfig */ = {isa = PBXFileReference; includeInIndex = 1; lastKnownFileType = text.xcconfig; name = Pods.release.xcconfig; path = "Pods/Target Support Files/Pods/Pods.release.xcconfig"; sourceTree = "<group>"; };
		6DA62BEC19AF5F510068D567 /* image1.jpg */ = {isa = PBXFileReference; lastKnownFileType = image.jpeg; name = image1.jpg; path = Assets/image1.jpg; sourceTree = "<group>"; };
		730FF9D1886F4066A8E08E69 /* libPods.a */ = {isa = PBXFileReference; explicitFileType = archive.ar; includeInIndex = 0; path = libPods.a; sourceTree = BUILT_PRODUCTS_DIR; };
		80E8E443B0EBD66BCC1BBAB8 /* Pods.debug.xcconfig */ = {isa = PBXFileReference; includeInIndex = 1; lastKnownFileType = text.xcconfig; name = Pods.debug.xcconfig; path = "Pods/Target Support Files/Pods/Pods.debug.xcconfig"; sourceTree = "<group>"; };
		944CFAED19DB058900870E02 /* Quizlet.h */ = {isa = PBXFileReference; fileEncoding = 4; lastKnownFileType = sourcecode.c.h; path = Quizlet.h; sourceTree = "<group>"; };
		944CFAEE19DB058900870E02 /* Quizlet.m */ = {isa = PBXFileReference; fileEncoding = 4; lastKnownFileType = sourcecode.c.objc; path = Quizlet.m; sourceTree = "<group>"; };
		944CFAEF19DB058900870E02 /* QuizletAuth.h */ = {isa = PBXFileReference; fileEncoding = 4; lastKnownFileType = sourcecode.c.h; path = QuizletAuth.h; sourceTree = "<group>"; };
		944CFAF019DB058900870E02 /* QuizletAuth.m */ = {isa = PBXFileReference; fileEncoding = 4; lastKnownFileType = sourcecode.c.objc; path = QuizletAuth.m; sourceTree = "<group>"; };
		944CFAF119DB058900870E02 /* QuizletClasses.h */ = {isa = PBXFileReference; fileEncoding = 4; lastKnownFileType = sourcecode.c.h; path = QuizletClasses.h; sourceTree = "<group>"; };
		944CFAF219DB058900870E02 /* QuizletClasses.m */ = {isa = PBXFileReference; fileEncoding = 4; lastKnownFileType = sourcecode.c.objc; path = QuizletClasses.m; sourceTree = "<group>"; };
		944CFAF319DB058900870E02 /* QuizletConfig.h */ = {isa = PBXFileReference; fileEncoding = 4; lastKnownFileType = sourcecode.c.h; path = QuizletConfig.h; sourceTree = "<group>"; };
		944CFAF419DB058900870E02 /* QuizletImages.h */ = {isa = PBXFileReference; fileEncoding = 4; lastKnownFileType = sourcecode.c.h; path = QuizletImages.h; sourceTree = "<group>"; };
		944CFAF519DB058900870E02 /* QuizletImages.m */ = {isa = PBXFileReference; fileEncoding = 4; lastKnownFileType = sourcecode.c.objc; path = QuizletImages.m; sourceTree = "<group>"; };
		944CFAF619DB058900870E02 /* QuizletRequest.h */ = {isa = PBXFileReference; fileEncoding = 4; lastKnownFileType = sourcecode.c.h; path = QuizletRequest.h; sourceTree = "<group>"; };
		944CFAF719DB058900870E02 /* QuizletRequest.m */ = {isa = PBXFileReference; fileEncoding = 4; lastKnownFileType = sourcecode.c.objc; path = QuizletRequest.m; sourceTree = "<group>"; };
		944CFAF819DB058900870E02 /* QuizletResponse.h */ = {isa = PBXFileReference; fileEncoding = 4; lastKnownFileType = sourcecode.c.h; path = QuizletResponse.h; sourceTree = "<group>"; };
		944CFAF919DB058900870E02 /* QuizletScope.h */ = {isa = PBXFileReference; fileEncoding = 4; lastKnownFileType = sourcecode.c.h; path = QuizletScope.h; sourceTree = "<group>"; };
		944CFAFA19DB058900870E02 /* QuizletSearch.h */ = {isa = PBXFileReference; fileEncoding = 4; lastKnownFileType = sourcecode.c.h; path = QuizletSearch.h; sourceTree = "<group>"; };
		944CFAFB19DB058900870E02 /* QuizletSearch.m */ = {isa = PBXFileReference; fileEncoding = 4; lastKnownFileType = sourcecode.c.objc; path = QuizletSearch.m; sourceTree = "<group>"; };
		944CFAFC19DB058900870E02 /* QuizletSets.h */ = {isa = PBXFileReference; fileEncoding = 4; lastKnownFileType = sourcecode.c.h; path = QuizletSets.h; sourceTree = "<group>"; };
		944CFAFD19DB058900870E02 /* QuizletSets.m */ = {isa = PBXFileReference; fileEncoding = 4; lastKnownFileType = sourcecode.c.objc; path = QuizletSets.m; sourceTree = "<group>"; };
		944CFAFE19DB058900870E02 /* QuizletUsers.h */ = {isa = PBXFileReference; fileEncoding = 4; lastKnownFileType = sourcecode.c.h; path = QuizletUsers.h; sourceTree = "<group>"; };
		944CFAFF19DB058900870E02 /* QuizletUsers.m */ = {isa = PBXFileReference; fileEncoding = 4; lastKnownFileType = sourcecode.c.objc; path = QuizletUsers.m; sourceTree = "<group>"; };
		944CFB0019DB058900870E02 /* QZAppDelegate.h */ = {isa = PBXFileReference; fileEncoding = 4; lastKnownFileType = sourcecode.c.h; path = QZAppDelegate.h; sourceTree = "<group>"; };
		944CFB0119DB058900870E02 /* QZAppDelegate.m */ = {isa = PBXFileReference; fileEncoding = 4; lastKnownFileType = sourcecode.c.objc; path = QZAppDelegate.m; sourceTree = "<group>"; };
		944CFB0219DB058900870E02 /* QZBaseViewController.h */ = {isa = PBXFileReference; fileEncoding = 4; lastKnownFileType = sourcecode.c.h; path = QZBaseViewController.h; sourceTree = "<group>"; };
		944CFB0319DB058900870E02 /* QZBaseViewController.m */ = {isa = PBXFileReference; fileEncoding = 4; lastKnownFileType = sourcecode.c.objc; path = QZBaseViewController.m; sourceTree = "<group>"; };
		944CFB0419DB058900870E02 /* QZClassesViewController.h */ = {isa = PBXFileReference; fileEncoding = 4; lastKnownFileType = sourcecode.c.h; path = QZClassesViewController.h; sourceTree = "<group>"; };
		944CFB0519DB058900870E02 /* QZClassesViewController.m */ = {isa = PBXFileReference; fileEncoding = 4; lastKnownFileType = sourcecode.c.objc; path = QZClassesViewController.m; sourceTree = "<group>"; };
		944CFB0619DB058900870E02 /* QZExamplesTableViewCell.h */ = {isa = PBXFileReference; fileEncoding = 4; lastKnownFileType = sourcecode.c.h; path = QZExamplesTableViewCell.h; sourceTree = "<group>"; };
		944CFB0719DB058900870E02 /* QZExamplesTableViewCell.m */ = {isa = PBXFileReference; fileEncoding = 4; lastKnownFileType = sourcecode.c.objc; path = QZExamplesTableViewCell.m; sourceTree = "<group>"; };
		944CFB0819DB058900870E02 /* QZExamplesViewController.h */ = {isa = PBXFileReference; fileEncoding = 4; lastKnownFileType = sourcecode.c.h; path = QZExamplesViewController.h; sourceTree = "<group>"; };
		944CFB0919DB058900870E02 /* QZExamplesViewController.m */ = {isa = PBXFileReference; fileEncoding = 4; lastKnownFileType = sourcecode.c.objc; path = QZExamplesViewController.m; sourceTree = "<group>"; };
		944CFB0A19DB058900870E02 /* QZImagesViewController.h */ = {isa = PBXFileReference; fileEncoding = 4; lastKnownFileType = sourcecode.c.h; path = QZImagesViewController.h; sourceTree = "<group>"; };
		944CFB0B19DB058900870E02 /* QZImagesViewController.m */ = {isa = PBXFileReference; fileEncoding = 4; lastKnownFileType = sourcecode.c.objc; path = QZImagesViewController.m; sourceTree = "<group>"; };
		944CFB0C19DB058900870E02 /* QZSearchViewController.h */ = {isa = PBXFileReference; fileEncoding = 4; lastKnownFileType = sourcecode.c.h; path = QZSearchViewController.h; sourceTree = "<group>"; };
		944CFB0D19DB058900870E02 /* QZSearchViewController.m */ = {isa = PBXFileReference; fileEncoding = 4; lastKnownFileType = sourcecode.c.objc; path = QZSearchViewController.m; sourceTree = "<group>"; };
		944CFB0E19DB058900870E02 /* QZSetsViewController.h */ = {isa = PBXFileReference; fileEncoding = 4; lastKnownFileType = sourcecode.c.h; path = QZSetsViewController.h; sourceTree = "<group>"; };
		944CFB0F19DB058900870E02 /* QZSetsViewController.m */ = {isa = PBXFileReference; fileEncoding = 4; lastKnownFileType = sourcecode.c.objc; path = QZSetsViewController.m; sourceTree = "<group>"; };
		944CFB1019DB058900870E02 /* QZUsersViewController.h */ = {isa = PBXFileReference; fileEncoding = 4; lastKnownFileType = sourcecode.c.h; path = QZUsersViewController.h; sourceTree = "<group>"; };
		944CFB1119DB058900870E02 /* QZUsersViewController.m */ = {isa = PBXFileReference; fileEncoding = 4; lastKnownFileType = sourcecode.c.objc; path = QZUsersViewController.m; sourceTree = "<group>"; };
		947EB7E31BB31F8E005D8679 /* LaunchScreen.storyboard */ = {isa = PBXFileReference; fileEncoding = 4; lastKnownFileType = file.storyboard; path = LaunchScreen.storyboard; sourceTree = "<group>"; };
		94ECE8D419A0D5FD00E2641B /* ios_quizlet_client.app */ = {isa = PBXFileReference; explicitFileType = wrapper.application; includeInIndex = 0; path = ios_quizlet_client.app; sourceTree = BUILT_PRODUCTS_DIR; };
		94ECE8D719A0D5FD00E2641B /* Foundation.framework */ = {isa = PBXFileReference; lastKnownFileType = wrapper.framework; name = Foundation.framework; path = System/Library/Frameworks/Foundation.framework; sourceTree = SDKROOT; };
		94ECE8D919A0D5FD00E2641B /* CoreGraphics.framework */ = {isa = PBXFileReference; lastKnownFileType = wrapper.framework; name = CoreGraphics.framework; path = System/Library/Frameworks/CoreGraphics.framework; sourceTree = SDKROOT; };
		94ECE8DB19A0D5FD00E2641B /* UIKit.framework */ = {isa = PBXFileReference; lastKnownFileType = wrapper.framework; name = UIKit.framework; path = System/Library/Frameworks/UIKit.framework; sourceTree = SDKROOT; };
		94ECE8DF19A0D5FD00E2641B /* ios_quizlet_client-Info.plist */ = {isa = PBXFileReference; lastKnownFileType = text.plist.xml; path = "ios_quizlet_client-Info.plist"; sourceTree = "<group>"; };
		94ECE8E119A0D5FD00E2641B /* en */ = {isa = PBXFileReference; lastKnownFileType = text.plist.strings; name = en; path = en.lproj/InfoPlist.strings; sourceTree = "<group>"; };
		94ECE8E319A0D5FD00E2641B /* main.m */ = {isa = PBXFileReference; lastKnownFileType = sourcecode.c.objc; path = main.m; sourceTree = "<group>"; };
		94ECE8E519A0D5FD00E2641B /* ios_quizlet_client-Prefix.pch */ = {isa = PBXFileReference; lastKnownFileType = sourcecode.c.h; path = "ios_quizlet_client-Prefix.pch"; sourceTree = "<group>"; };
		94ECE8EA19A0D5FD00E2641B /* Base */ = {isa = PBXFileReference; lastKnownFileType = file.storyboard; name = Base; path = Base.lproj/Main_iPhone.storyboard; sourceTree = "<group>"; };
		94ECE8ED19A0D5FD00E2641B /* Base */ = {isa = PBXFileReference; lastKnownFileType = file.storyboard; name = Base; path = Base.lproj/Main_iPad.storyboard; sourceTree = "<group>"; };
		94ECE8F219A0D5FD00E2641B /* Images.xcassets */ = {isa = PBXFileReference; lastKnownFileType = folder.assetcatalog; path = Images.xcassets; sourceTree = "<group>"; };
		94ECE8F919A0D5FE00E2641B /* XCTest.framework */ = {isa = PBXFileReference; lastKnownFileType = wrapper.framework; name = XCTest.framework; path = Library/Frameworks/XCTest.framework; sourceTree = DEVELOPER_DIR; };
/* End PBXFileReference section */

/* Begin PBXFrameworksBuildPhase section */
		94ECE8D119A0D5FD00E2641B /* Frameworks */ = {
			isa = PBXFrameworksBuildPhase;
			buildActionMask = 2147483647;
			files = (
				94ECE8DA19A0D5FD00E2641B /* CoreGraphics.framework in Frameworks */,
				94ECE8DC19A0D5FD00E2641B /* UIKit.framework in Frameworks */,
				94ECE8D819A0D5FD00E2641B /* Foundation.framework in Frameworks */,
				7A80A10994A74AAABBD1F323 /* libPods.a in Frameworks */,
			);
			runOnlyForDeploymentPostprocessing = 0;
		};
/* End PBXFrameworksBuildPhase section */

/* Begin PBXGroup section */
		08D4C3E240B3C269C616FCCE /* Pods */ = {
			isa = PBXGroup;
			children = (
				80E8E443B0EBD66BCC1BBAB8 /* Pods.debug.xcconfig */,
				5A5AB5F36F0FC6068F392795 /* Pods.release.xcconfig */,
			);
			name = Pods;
			sourceTree = "<group>";
		};
		6D2AAFF019A645C900D0D55A /* Assets */ = {
			isa = PBXGroup;
			children = (
				6DA62BEC19AF5F510068D567 /* image1.jpg */,
				94ECE8F219A0D5FD00E2641B /* Images.xcassets */,
			);
			name = Assets;
			sourceTree = "<group>";
		};
		6D2AAFF119A645E300D0D55A /* Storyboard */ = {
			isa = PBXGroup;
			children = (
				94ECE8E919A0D5FD00E2641B /* Main_iPhone.storyboard */,
				94ECE8EC19A0D5FD00E2641B /* Main_iPad.storyboard */,
				947EB7E31BB31F8E005D8679 /* LaunchScreen.storyboard */,
			);
			name = Storyboard;
			sourceTree = "<group>";
		};
		944CFAE419DB058900870E02 /* Sources */ = {
			isa = PBXGroup;
			children = (
				944CFAEC19DB058900870E02 /* Quizlet */,
				944CFB0019DB058900870E02 /* QZAppDelegate.h */,
				944CFB0119DB058900870E02 /* QZAppDelegate.m */,
				944CFB0819DB058900870E02 /* QZExamplesViewController.h */,
				944CFB0919DB058900870E02 /* QZExamplesViewController.m */,
				944CFB0619DB058900870E02 /* QZExamplesTableViewCell.h */,
				944CFB0719DB058900870E02 /* QZExamplesTableViewCell.m */,
				944CFB0219DB058900870E02 /* QZBaseViewController.h */,
				944CFB0319DB058900870E02 /* QZBaseViewController.m */,
				944CFB0E19DB058900870E02 /* QZSetsViewController.h */,
				944CFB0F19DB058900870E02 /* QZSetsViewController.m */,
				944CFB0A19DB058900870E02 /* QZImagesViewController.h */,
				944CFB0B19DB058900870E02 /* QZImagesViewController.m */,
				944CFB0419DB058900870E02 /* QZClassesViewController.h */,
				944CFB0519DB058900870E02 /* QZClassesViewController.m */,
				944CFB0C19DB058900870E02 /* QZSearchViewController.h */,
				944CFB0D19DB058900870E02 /* QZSearchViewController.m */,
				944CFB1019DB058900870E02 /* QZUsersViewController.h */,
				944CFB1119DB058900870E02 /* QZUsersViewController.m */,
			);
			path = Sources;
			sourceTree = "<group>";
		};
		944CFAEC19DB058900870E02 /* Quizlet */ = {
			isa = PBXGroup;
			children = (
				944CFAED19DB058900870E02 /* Quizlet.h */,
				944CFAEE19DB058900870E02 /* Quizlet.m */,
				944CFAEF19DB058900870E02 /* QuizletAuth.h */,
				944CFAF019DB058900870E02 /* QuizletAuth.m */,
				944CFAF119DB058900870E02 /* QuizletClasses.h */,
				944CFAF219DB058900870E02 /* QuizletClasses.m */,
				944CFAF319DB058900870E02 /* QuizletConfig.h */,
				944CFAF419DB058900870E02 /* QuizletImages.h */,
				944CFAF519DB058900870E02 /* QuizletImages.m */,
				944CFAF619DB058900870E02 /* QuizletRequest.h */,
				944CFAF719DB058900870E02 /* QuizletRequest.m */,
				944CFAF819DB058900870E02 /* QuizletResponse.h */,
				944CFAF919DB058900870E02 /* QuizletScope.h */,
				944CFAFA19DB058900870E02 /* QuizletSearch.h */,
				944CFAFB19DB058900870E02 /* QuizletSearch.m */,
				944CFAFC19DB058900870E02 /* QuizletSets.h */,
				944CFAFD19DB058900870E02 /* QuizletSets.m */,
				944CFAFE19DB058900870E02 /* QuizletUsers.h */,
				944CFAFF19DB058900870E02 /* QuizletUsers.m */,
			);
			path = Quizlet;
			sourceTree = "<group>";
		};
		94ECE8CB19A0D5FD00E2641B = {
			isa = PBXGroup;
			children = (
				94ECE8DD19A0D5FD00E2641B /* ios_quizlet_client */,
				94ECE8D619A0D5FD00E2641B /* Frameworks */,
				94ECE8D519A0D5FD00E2641B /* Products */,
				08D4C3E240B3C269C616FCCE /* Pods */,
			);
			sourceTree = "<group>";
		};
		94ECE8D519A0D5FD00E2641B /* Products */ = {
			isa = PBXGroup;
			children = (
				94ECE8D419A0D5FD00E2641B /* ios_quizlet_client.app */,
			);
			name = Products;
			sourceTree = "<group>";
		};
		94ECE8D619A0D5FD00E2641B /* Frameworks */ = {
			isa = PBXGroup;
			children = (
				94ECE8D719A0D5FD00E2641B /* Foundation.framework */,
				94ECE8D919A0D5FD00E2641B /* CoreGraphics.framework */,
				94ECE8DB19A0D5FD00E2641B /* UIKit.framework */,
				94ECE8F919A0D5FE00E2641B /* XCTest.framework */,
				730FF9D1886F4066A8E08E69 /* libPods.a */,
			);
			name = Frameworks;
			sourceTree = "<group>";
		};
		94ECE8DD19A0D5FD00E2641B /* ios_quizlet_client */ = {
			isa = PBXGroup;
			children = (
				944CFAE419DB058900870E02 /* Sources */,
				6D2AAFF119A645E300D0D55A /* Storyboard */,
				94ECE8DE19A0D5FD00E2641B /* Supporting Files */,
				6D2AAFF019A645C900D0D55A /* Assets */,
			);
			path = ios_quizlet_client;
			sourceTree = "<group>";
		};
		94ECE8DE19A0D5FD00E2641B /* Supporting Files */ = {
			isa = PBXGroup;
			children = (
				94ECE8DF19A0D5FD00E2641B /* ios_quizlet_client-Info.plist */,
				94ECE8E019A0D5FD00E2641B /* InfoPlist.strings */,
				94ECE8E319A0D5FD00E2641B /* main.m */,
				94ECE8E519A0D5FD00E2641B /* ios_quizlet_client-Prefix.pch */,
			);
			name = "Supporting Files";
			sourceTree = "<group>";
		};
/* End PBXGroup section */

/* Begin PBXNativeTarget section */
		94ECE8D319A0D5FD00E2641B /* ios_quizlet_client */ = {
			isa = PBXNativeTarget;
			buildConfigurationList = 94ECE90919A0D5FE00E2641B /* Build configuration list for PBXNativeTarget "ios_quizlet_client" */;
			buildPhases = (
				E8818F0ECA6D4B949E220C71 /* Check Pods Manifest.lock */,
				94ECE8D019A0D5FD00E2641B /* Sources */,
				94ECE8D119A0D5FD00E2641B /* Frameworks */,
				94ECE8D219A0D5FD00E2641B /* Resources */,
				B5D598E34F14481CB3666E7B /* Copy Pods Resources */,
			);
			buildRules = (
			);
			dependencies = (
			);
			name = ios_quizlet_client;
			productName = ios_quizlet_client;
			productReference = 94ECE8D419A0D5FD00E2641B /* ios_quizlet_client.app */;
			productType = "com.apple.product-type.application";
		};
/* End PBXNativeTarget section */

/* Begin PBXProject section */
		94ECE8CC19A0D5FD00E2641B /* Project object */ = {
			isa = PBXProject;
			attributes = {
				CLASSPREFIX = QZ;
				LastUpgradeCheck = 0700;
				ORGANIZATIONNAME = "Maxim Bilan";
			};
			buildConfigurationList = 94ECE8CF19A0D5FD00E2641B /* Build configuration list for PBXProject "ios_quizlet_client" */;
			compatibilityVersion = "Xcode 3.2";
			developmentRegion = English;
			hasScannedForEncodings = 0;
			knownRegions = (
				en,
				Base,
			);
			mainGroup = 94ECE8CB19A0D5FD00E2641B;
			productRefGroup = 94ECE8D519A0D5FD00E2641B /* Products */;
			projectDirPath = "";
			projectRoot = "";
			targets = (
				94ECE8D319A0D5FD00E2641B /* ios_quizlet_client */,
			);
		};
/* End PBXProject section */

/* Begin PBXResourcesBuildPhase section */
		94ECE8D219A0D5FD00E2641B /* Resources */ = {
			isa = PBXResourcesBuildPhase;
			buildActionMask = 2147483647;
			files = (
				94ECE8EE19A0D5FD00E2641B /* Main_iPad.storyboard in Resources */,
				6DA62BED19AF5F510068D567 /* image1.jpg in Resources */,
				94ECE8F319A0D5FD00E2641B /* Images.xcassets in Resources */,
				947EB7E41BB31F8E005D8679 /* LaunchScreen.storyboard in Resources */,
				94ECE8EB19A0D5FD00E2641B /* Main_iPhone.storyboard in Resources */,
				94ECE8E219A0D5FD00E2641B /* InfoPlist.strings in Resources */,
			);
			runOnlyForDeploymentPostprocessing = 0;
		};
/* End PBXResourcesBuildPhase section */

/* Begin PBXShellScriptBuildPhase section */
		B5D598E34F14481CB3666E7B /* Copy Pods Resources */ = {
			isa = PBXShellScriptBuildPhase;
			buildActionMask = 2147483647;
			files = (
			);
			inputPaths = (
			);
			name = "Copy Pods Resources";
			outputPaths = (
			);
			runOnlyForDeploymentPostprocessing = 0;
			shellPath = /bin/sh;
			shellScript = "\"${SRCROOT}/Pods/Target Support Files/Pods/Pods-resources.sh\"\n";
			showEnvVarsInLog = 0;
		};
		E8818F0ECA6D4B949E220C71 /* Check Pods Manifest.lock */ = {
			isa = PBXShellScriptBuildPhase;
			buildActionMask = 2147483647;
			files = (
			);
			inputPaths = (
			);
			name = "Check Pods Manifest.lock";
			outputPaths = (
			);
			runOnlyForDeploymentPostprocessing = 0;
			shellPath = /bin/sh;
			shellScript = "diff \"${PODS_ROOT}/../Podfile.lock\" \"${PODS_ROOT}/Manifest.lock\" > /dev/null\nif [[ $? != 0 ]] ; then\n    cat << EOM\nerror: The sandbox is not in sync with the Podfile.lock. Run 'pod install' or update your CocoaPods installation.\nEOM\n    exit 1\nfi\n";
			showEnvVarsInLog = 0;
		};
/* End PBXShellScriptBuildPhase section */

/* Begin PBXSourcesBuildPhase section */
		94ECE8D019A0D5FD00E2641B /* Sources */ = {
			isa = PBXSourcesBuildPhase;
			buildActionMask = 2147483647;
			files = (
				944CFB2119DB058900870E02 /* QZImagesViewController.m in Sources */,
				944CFB1C19DB058900870E02 /* QZAppDelegate.m in Sources */,
				944CFB1619DB058900870E02 /* QuizletClasses.m in Sources */,
				944CFB1819DB058900870E02 /* QuizletRequest.m in Sources */,
				944CFB1E19DB058900870E02 /* QZClassesViewController.m in Sources */,
				944CFB1F19DB058900870E02 /* QZExamplesTableViewCell.m in Sources */,
				944CFB1919DB058900870E02 /* QuizletSearch.m in Sources */,
				944CFB1D19DB058900870E02 /* QZBaseViewController.m in Sources */,
				944CFB2419DB058900870E02 /* QZUsersViewController.m in Sources */,
				944CFB1419DB058900870E02 /* Quizlet.m in Sources */,
				944CFB2219DB058900870E02 /* QZSearchViewController.m in Sources */,
				944CFB1519DB058900870E02 /* QuizletAuth.m in Sources */,
				944CFB1B19DB058900870E02 /* QuizletUsers.m in Sources */,
				944CFB1A19DB058900870E02 /* QuizletSets.m in Sources */,
				944CFB1719DB058900870E02 /* QuizletImages.m in Sources */,
				944CFB2019DB058900870E02 /* QZExamplesViewController.m in Sources */,
				94ECE8E419A0D5FD00E2641B /* main.m in Sources */,
				944CFB2319DB058900870E02 /* QZSetsViewController.m in Sources */,
			);
			runOnlyForDeploymentPostprocessing = 0;
		};
/* End PBXSourcesBuildPhase section */

/* Begin PBXVariantGroup section */
		94ECE8E019A0D5FD00E2641B /* InfoPlist.strings */ = {
			isa = PBXVariantGroup;
			children = (
				94ECE8E119A0D5FD00E2641B /* en */,
			);
			name = InfoPlist.strings;
			sourceTree = "<group>";
		};
		94ECE8E919A0D5FD00E2641B /* Main_iPhone.storyboard */ = {
			isa = PBXVariantGroup;
			children = (
				94ECE8EA19A0D5FD00E2641B /* Base */,
			);
			name = Main_iPhone.storyboard;
			sourceTree = "<group>";
		};
		94ECE8EC19A0D5FD00E2641B /* Main_iPad.storyboard */ = {
			isa = PBXVariantGroup;
			children = (
				94ECE8ED19A0D5FD00E2641B /* Base */,
			);
			name = Main_iPad.storyboard;
			sourceTree = "<group>";
		};
/* End PBXVariantGroup section */

/* Begin XCBuildConfiguration section */
		94ECE90719A0D5FE00E2641B /* Debug */ = {
			isa = XCBuildConfiguration;
			buildSettings = {
				ALWAYS_SEARCH_USER_PATHS = NO;
				CLANG_CXX_LANGUAGE_STANDARD = "gnu++0x";
				CLANG_CXX_LIBRARY = "libc++";
				CLANG_ENABLE_MODULES = YES;
				CLANG_ENABLE_OBJC_ARC = YES;
				CLANG_WARN_BOOL_CONVERSION = YES;
				CLANG_WARN_CONSTANT_CONVERSION = YES;
				CLANG_WARN_DIRECT_OBJC_ISA_USAGE = YES_ERROR;
				CLANG_WARN_EMPTY_BODY = YES;
				CLANG_WARN_ENUM_CONVERSION = YES;
				CLANG_WARN_INT_CONVERSION = YES;
				CLANG_WARN_OBJC_ROOT_CLASS = YES_ERROR;
				CLANG_WARN__DUPLICATE_METHOD_MATCH = YES;
				"CODE_SIGN_IDENTITY[sdk=iphoneos*]" = "iPhone Developer";
				COPY_PHASE_STRIP = NO;
				ENABLE_TESTABILITY = YES;
				GCC_C_LANGUAGE_STANDARD = gnu99;
				GCC_DYNAMIC_NO_PIC = NO;
				GCC_OPTIMIZATION_LEVEL = 0;
				GCC_PREPROCESSOR_DEFINITIONS = (
					"DEBUG=1",
					"$(inherited)",
				);
				GCC_SYMBOLS_PRIVATE_EXTERN = NO;
				GCC_WARN_64_TO_32_BIT_CONVERSION = YES;
				GCC_WARN_ABOUT_RETURN_TYPE = YES_ERROR;
				GCC_WARN_UNDECLARED_SELECTOR = YES;
				GCC_WARN_UNINITIALIZED_AUTOS = YES_AGGRESSIVE;
				GCC_WARN_UNUSED_FUNCTION = YES;
				GCC_WARN_UNUSED_VARIABLE = YES;
				IPHONEOS_DEPLOYMENT_TARGET = 7.1;
				ONLY_ACTIVE_ARCH = YES;
				SDKROOT = iphoneos;
				TARGETED_DEVICE_FAMILY = "1,2";
			};
			name = Debug;
		};
		94ECE90819A0D5FE00E2641B /* Release */ = {
			isa = XCBuildConfiguration;
			buildSettings = {
				ALWAYS_SEARCH_USER_PATHS = NO;
				CLANG_CXX_LANGUAGE_STANDARD = "gnu++0x";
				CLANG_CXX_LIBRARY = "libc++";
				CLANG_ENABLE_MODULES = YES;
				CLANG_ENABLE_OBJC_ARC = YES;
				CLANG_WARN_BOOL_CONVERSION = YES;
				CLANG_WARN_CONSTANT_CONVERSION = YES;
				CLANG_WARN_DIRECT_OBJC_ISA_USAGE = YES_ERROR;
				CLANG_WARN_EMPTY_BODY = YES;
				CLANG_WARN_ENUM_CONVERSION = YES;
				CLANG_WARN_INT_CONVERSION = YES;
				CLANG_WARN_OBJC_ROOT_CLASS = YES_ERROR;
				CLANG_WARN__DUPLICATE_METHOD_MATCH = YES;
				"CODE_SIGN_IDENTITY[sdk=iphoneos*]" = "iPhone Developer";
				COPY_PHASE_STRIP = YES;
				ENABLE_NS_ASSERTIONS = NO;
				GCC_C_LANGUAGE_STANDARD = gnu99;
				GCC_WARN_64_TO_32_BIT_CONVERSION = YES;
				GCC_WARN_ABOUT_RETURN_TYPE = YES_ERROR;
				GCC_WARN_UNDECLARED_SELECTOR = YES;
				GCC_WARN_UNINITIALIZED_AUTOS = YES_AGGRESSIVE;
				GCC_WARN_UNUSED_FUNCTION = YES;
				GCC_WARN_UNUSED_VARIABLE = YES;
				IPHONEOS_DEPLOYMENT_TARGET = 7.1;
				SDKROOT = iphoneos;
				TARGETED_DEVICE_FAMILY = "1,2";
				VALIDATE_PRODUCT = YES;
			};
			name = Release;
		};
		94ECE90A19A0D5FE00E2641B /* Debug */ = {
			isa = XCBuildConfiguration;
			baseConfigurationReference = 80E8E443B0EBD66BCC1BBAB8 /* Pods.debug.xcconfig */;
			buildSettings = {
				ASSETCATALOG_COMPILER_APPICON_NAME = AppIcon;
				ASSETCATALOG_COMPILER_LAUNCHIMAGE_NAME = LaunchImage;
				GCC_PRECOMPILE_PREFIX_HEADER = YES;
				GCC_PREFIX_HEADER = "ios_quizlet_client/ios_quizlet_client-Prefix.pch";
				INFOPLIST_FILE = "ios_quizlet_client/ios_quizlet_client-Info.plist";
				PRODUCT_BUNDLE_IDENTIFIER = "maximbilan.${PRODUCT_NAME:rfc1034identifier}";
				PRODUCT_NAME = "$(TARGET_NAME)";
				WRAPPER_EXTENSION = app;
			};
			name = Debug;
		};
		94ECE90B19A0D5FE00E2641B /* Release */ = {
			isa = XCBuildConfiguration;
			baseConfigurationReference = 5A5AB5F36F0FC6068F392795 /* Pods.release.xcconfig */;
			buildSettings = {
				ASSETCATALOG_COMPILER_APPICON_NAME = AppIcon;
				ASSETCATALOG_COMPILER_LAUNCHIMAGE_NAME = LaunchImage;
				GCC_PRECOMPILE_PREFIX_HEADER = YES;
				GCC_PREFIX_HEADER = "ios_quizlet_client/ios_quizlet_client-Prefix.pch";
				INFOPLIST_FILE = "ios_quizlet_client/ios_quizlet_client-Info.plist";
				PRODUCT_BUNDLE_IDENTIFIER = "maximbilan.${PRODUCT_NAME:rfc1034identifier}";
				PRODUCT_NAME = "$(TARGET_NAME)";
				WRAPPER_EXTENSION = app;
			};
			name = Release;
		};
/* End XCBuildConfiguration section */

/* Begin XCConfigurationList section */
		94ECE8CF19A0D5FD00E2641B /* Build configuration list for PBXProject "ios_quizlet_client" */ = {
			isa = XCConfigurationList;
			buildConfigurations = (
				94ECE90719A0D5FE00E2641B /* Debug */,
				94ECE90819A0D5FE00E2641B /* Release */,
			);
			defaultConfigurationIsVisible = 0;
			defaultConfigurationName = Release;
		};
		94ECE90919A0D5FE00E2641B /* Build configuration list for PBXNativeTarget "ios_quizlet_client" */ = {
			isa = XCConfigurationList;
			buildConfigurations = (
				94ECE90A19A0D5FE00E2641B /* Debug */,
				94ECE90B19A0D5FE00E2641B /* Release */,
			);
			defaultConfigurationIsVisible = 0;
			defaultConfigurationName = Release;
		};
/* End XCConfigurationList section */
	};
	rootObject = 94ECE8CC19A0D5FD00E2641B /* Project object */;
}
