// !$*UTF8*$!
{
	archiveVersion = 1;
	classes = {
	};
	objectVersion = 46;
	objects = {

/* Begin PBXBuildFile section */
		6D425EC719A33EF70060E543 /* QuizletClasses.m in Sources */ = {isa = PBXBuildFile; fileRef = 6D425EC619A33EF70060E543 /* QuizletClasses.m */; };
		6D425ECA19A33F0E0060E543 /* QuizletImages.m in Sources */ = {isa = PBXBuildFile; fileRef = 6D425EC919A33F0E0060E543 /* QuizletImages.m */; };
		6D425ECD19A33F250060E543 /* QuizletSearch.m in Sources */ = {isa = PBXBuildFile; fileRef = 6D425ECC19A33F250060E543 /* QuizletSearch.m */; };
		6D54A0DA19A4DD1A009D9E95 /* QZExamplesViewController.m in Sources */ = {isa = PBXBuildFile; fileRef = 6D54A0D919A4DD1A009D9E95 /* QZExamplesViewController.m */; };
		6D54A0DD19A4E4A3009D9E95 /* QZExamplesTableViewCell.m in Sources */ = {isa = PBXBuildFile; fileRef = 6D54A0DC19A4E4A3009D9E95 /* QZExamplesTableViewCell.m */; };
		6D54A0E019A4EB78009D9E95 /* QZUsersViewController.m in Sources */ = {isa = PBXBuildFile; fileRef = 6D54A0DF19A4EB78009D9E95 /* QZUsersViewController.m */; };
		6D771B3E19A22A840085A2BE /* QuizletAuth.m in Sources */ = {isa = PBXBuildFile; fileRef = 6D771B3D19A22A840085A2BE /* QuizletAuth.m */; };
		6D771B4119A22AC30085A2BE /* QuizletSets.m in Sources */ = {isa = PBXBuildFile; fileRef = 6D771B4019A22AC30085A2BE /* QuizletSets.m */; };
		6D771B4419A22AE30085A2BE /* QuizletRequest.m in Sources */ = {isa = PBXBuildFile; fileRef = 6D771B4319A22AE30085A2BE /* QuizletRequest.m */; };
		7A80A10994A74AAABBD1F323 /* libPods.a in Frameworks */ = {isa = PBXBuildFile; fileRef = 730FF9D1886F4066A8E08E69 /* libPods.a */; };
		9437A27219A261CA0071E1C1 /* QuizletUsers.m in Sources */ = {isa = PBXBuildFile; fileRef = 9437A27119A261CA0071E1C1 /* QuizletUsers.m */; };
		94ECE8D819A0D5FD00E2641B /* Foundation.framework in Frameworks */ = {isa = PBXBuildFile; fileRef = 94ECE8D719A0D5FD00E2641B /* Foundation.framework */; };
		94ECE8DA19A0D5FD00E2641B /* CoreGraphics.framework in Frameworks */ = {isa = PBXBuildFile; fileRef = 94ECE8D919A0D5FD00E2641B /* CoreGraphics.framework */; };
		94ECE8DC19A0D5FD00E2641B /* UIKit.framework in Frameworks */ = {isa = PBXBuildFile; fileRef = 94ECE8DB19A0D5FD00E2641B /* UIKit.framework */; };
		94ECE8E219A0D5FD00E2641B /* InfoPlist.strings in Resources */ = {isa = PBXBuildFile; fileRef = 94ECE8E019A0D5FD00E2641B /* InfoPlist.strings */; };
		94ECE8E419A0D5FD00E2641B /* main.m in Sources */ = {isa = PBXBuildFile; fileRef = 94ECE8E319A0D5FD00E2641B /* main.m */; };
		94ECE8E819A0D5FD00E2641B /* QZAppDelegate.m in Sources */ = {isa = PBXBuildFile; fileRef = 94ECE8E719A0D5FD00E2641B /* QZAppDelegate.m */; };
		94ECE8EB19A0D5FD00E2641B /* Main_iPhone.storyboard in Resources */ = {isa = PBXBuildFile; fileRef = 94ECE8E919A0D5FD00E2641B /* Main_iPhone.storyboard */; };
		94ECE8EE19A0D5FD00E2641B /* Main_iPad.storyboard in Resources */ = {isa = PBXBuildFile; fileRef = 94ECE8EC19A0D5FD00E2641B /* Main_iPad.storyboard */; };
		94ECE8F319A0D5FD00E2641B /* Images.xcassets in Resources */ = {isa = PBXBuildFile; fileRef = 94ECE8F219A0D5FD00E2641B /* Images.xcassets */; };
		94ECE91619A103E900E2641B /* Quizlet.m in Sources */ = {isa = PBXBuildFile; fileRef = 94ECE91519A103E900E2641B /* Quizlet.m */; };
/* End PBXBuildFile section */

/* Begin PBXFileReference section */
		6D425EC519A33EF70060E543 /* QuizletClasses.h */ = {isa = PBXFileReference; fileEncoding = 4; lastKnownFileType = sourcecode.c.h; name = QuizletClasses.h; path = Quizlet/QuizletClasses.h; sourceTree = "<group>"; };
		6D425EC619A33EF70060E543 /* QuizletClasses.m */ = {isa = PBXFileReference; fileEncoding = 4; lastKnownFileType = sourcecode.c.objc; name = QuizletClasses.m; path = Quizlet/QuizletClasses.m; sourceTree = "<group>"; };
		6D425EC819A33F0E0060E543 /* QuizletImages.h */ = {isa = PBXFileReference; fileEncoding = 4; lastKnownFileType = sourcecode.c.h; name = QuizletImages.h; path = Quizlet/QuizletImages.h; sourceTree = "<group>"; };
		6D425EC919A33F0E0060E543 /* QuizletImages.m */ = {isa = PBXFileReference; fileEncoding = 4; lastKnownFileType = sourcecode.c.objc; name = QuizletImages.m; path = Quizlet/QuizletImages.m; sourceTree = "<group>"; };
		6D425ECB19A33F250060E543 /* QuizletSearch.h */ = {isa = PBXFileReference; fileEncoding = 4; lastKnownFileType = sourcecode.c.h; name = QuizletSearch.h; path = Quizlet/QuizletSearch.h; sourceTree = "<group>"; };
		6D425ECC19A33F250060E543 /* QuizletSearch.m */ = {isa = PBXFileReference; fileEncoding = 4; lastKnownFileType = sourcecode.c.objc; name = QuizletSearch.m; path = Quizlet/QuizletSearch.m; sourceTree = "<group>"; };
		6D54A0D819A4DD1A009D9E95 /* QZExamplesViewController.h */ = {isa = PBXFileReference; fileEncoding = 4; lastKnownFileType = sourcecode.c.h; path = QZExamplesViewController.h; sourceTree = "<group>"; };
		6D54A0D919A4DD1A009D9E95 /* QZExamplesViewController.m */ = {isa = PBXFileReference; fileEncoding = 4; lastKnownFileType = sourcecode.c.objc; path = QZExamplesViewController.m; sourceTree = "<group>"; };
		6D54A0DB19A4E4A3009D9E95 /* QZExamplesTableViewCell.h */ = {isa = PBXFileReference; fileEncoding = 4; lastKnownFileType = sourcecode.c.h; path = QZExamplesTableViewCell.h; sourceTree = "<group>"; };
		6D54A0DC19A4E4A3009D9E95 /* QZExamplesTableViewCell.m */ = {isa = PBXFileReference; fileEncoding = 4; lastKnownFileType = sourcecode.c.objc; path = QZExamplesTableViewCell.m; sourceTree = "<group>"; };
		6D54A0DE19A4EB78009D9E95 /* QZUsersViewController.h */ = {isa = PBXFileReference; fileEncoding = 4; lastKnownFileType = sourcecode.c.h; path = QZUsersViewController.h; sourceTree = "<group>"; };
		6D54A0DF19A4EB78009D9E95 /* QZUsersViewController.m */ = {isa = PBXFileReference; fileEncoding = 4; lastKnownFileType = sourcecode.c.objc; path = QZUsersViewController.m; sourceTree = "<group>"; };
		6D771B3C19A22A840085A2BE /* QuizletAuth.h */ = {isa = PBXFileReference; fileEncoding = 4; lastKnownFileType = sourcecode.c.h; name = QuizletAuth.h; path = Quizlet/QuizletAuth.h; sourceTree = "<group>"; };
		6D771B3D19A22A840085A2BE /* QuizletAuth.m */ = {isa = PBXFileReference; fileEncoding = 4; lastKnownFileType = sourcecode.c.objc; name = QuizletAuth.m; path = Quizlet/QuizletAuth.m; sourceTree = "<group>"; };
		6D771B3F19A22AC30085A2BE /* QuizletSets.h */ = {isa = PBXFileReference; fileEncoding = 4; lastKnownFileType = sourcecode.c.h; name = QuizletSets.h; path = Quizlet/QuizletSets.h; sourceTree = "<group>"; };
		6D771B4019A22AC30085A2BE /* QuizletSets.m */ = {isa = PBXFileReference; fileEncoding = 4; lastKnownFileType = sourcecode.c.objc; name = QuizletSets.m; path = Quizlet/QuizletSets.m; sourceTree = "<group>"; };
		6D771B4219A22AE30085A2BE /* QuizletRequest.h */ = {isa = PBXFileReference; fileEncoding = 4; lastKnownFileType = sourcecode.c.h; name = QuizletRequest.h; path = Quizlet/QuizletRequest.h; sourceTree = "<group>"; };
		6D771B4319A22AE30085A2BE /* QuizletRequest.m */ = {isa = PBXFileReference; fileEncoding = 4; lastKnownFileType = sourcecode.c.objc; name = QuizletRequest.m; path = Quizlet/QuizletRequest.m; sourceTree = "<group>"; };
		6D771B4619A2327C0085A2BE /* QuizletScope.h */ = {isa = PBXFileReference; fileEncoding = 4; lastKnownFileType = sourcecode.c.h; name = QuizletScope.h; path = Quizlet/QuizletScope.h; sourceTree = "<group>"; };
		730FF9D1886F4066A8E08E69 /* libPods.a */ = {isa = PBXFileReference; explicitFileType = archive.ar; includeInIndex = 0; path = libPods.a; sourceTree = BUILT_PRODUCTS_DIR; };
		9437A27019A261CA0071E1C1 /* QuizletUsers.h */ = {isa = PBXFileReference; fileEncoding = 4; lastKnownFileType = sourcecode.c.h; name = QuizletUsers.h; path = Quizlet/QuizletUsers.h; sourceTree = "<group>"; };
		9437A27119A261CA0071E1C1 /* QuizletUsers.m */ = {isa = PBXFileReference; fileEncoding = 4; lastKnownFileType = sourcecode.c.objc; name = QuizletUsers.m; path = Quizlet/QuizletUsers.m; sourceTree = "<group>"; };
		9437A27419A278510071E1C1 /* QuizletConfig.h */ = {isa = PBXFileReference; fileEncoding = 4; lastKnownFileType = sourcecode.c.h; name = QuizletConfig.h; path = Quizlet/QuizletConfig.h; sourceTree = "<group>"; };
		94ECE8D419A0D5FD00E2641B /* ios_quizlet_client.app */ = {isa = PBXFileReference; explicitFileType = wrapper.application; includeInIndex = 0; path = ios_quizlet_client.app; sourceTree = BUILT_PRODUCTS_DIR; };
		94ECE8D719A0D5FD00E2641B /* Foundation.framework */ = {isa = PBXFileReference; lastKnownFileType = wrapper.framework; name = Foundation.framework; path = System/Library/Frameworks/Foundation.framework; sourceTree = SDKROOT; };
		94ECE8D919A0D5FD00E2641B /* CoreGraphics.framework */ = {isa = PBXFileReference; lastKnownFileType = wrapper.framework; name = CoreGraphics.framework; path = System/Library/Frameworks/CoreGraphics.framework; sourceTree = SDKROOT; };
		94ECE8DB19A0D5FD00E2641B /* UIKit.framework */ = {isa = PBXFileReference; lastKnownFileType = wrapper.framework; name = UIKit.framework; path = System/Library/Frameworks/UIKit.framework; sourceTree = SDKROOT; };
		94ECE8DF19A0D5FD00E2641B /* ios_quizlet_client-Info.plist */ = {isa = PBXFileReference; lastKnownFileType = text.plist.xml; path = "ios_quizlet_client-Info.plist"; sourceTree = "<group>"; };
		94ECE8E119A0D5FD00E2641B /* en */ = {isa = PBXFileReference; lastKnownFileType = text.plist.strings; name = en; path = en.lproj/InfoPlist.strings; sourceTree = "<group>"; };
		94ECE8E319A0D5FD00E2641B /* main.m */ = {isa = PBXFileReference; lastKnownFileType = sourcecode.c.objc; path = main.m; sourceTree = "<group>"; };
		94ECE8E519A0D5FD00E2641B /* ios_quizlet_client-Prefix.pch */ = {isa = PBXFileReference; lastKnownFileType = sourcecode.c.h; path = "ios_quizlet_client-Prefix.pch"; sourceTree = "<group>"; };
		94ECE8E619A0D5FD00E2641B /* QZAppDelegate.h */ = {isa = PBXFileReference; lastKnownFileType = sourcecode.c.h; path = QZAppDelegate.h; sourceTree = "<group>"; };
		94ECE8E719A0D5FD00E2641B /* QZAppDelegate.m */ = {isa = PBXFileReference; lastKnownFileType = sourcecode.c.objc; path = QZAppDelegate.m; sourceTree = "<group>"; };
		94ECE8EA19A0D5FD00E2641B /* Base */ = {isa = PBXFileReference; lastKnownFileType = file.storyboard; name = Base; path = Base.lproj/Main_iPhone.storyboard; sourceTree = "<group>"; };
		94ECE8ED19A0D5FD00E2641B /* Base */ = {isa = PBXFileReference; lastKnownFileType = file.storyboard; name = Base; path = Base.lproj/Main_iPad.storyboard; sourceTree = "<group>"; };
		94ECE8F219A0D5FD00E2641B /* Images.xcassets */ = {isa = PBXFileReference; lastKnownFileType = folder.assetcatalog; path = Images.xcassets; sourceTree = "<group>"; };
		94ECE8F919A0D5FE00E2641B /* XCTest.framework */ = {isa = PBXFileReference; lastKnownFileType = wrapper.framework; name = XCTest.framework; path = Library/Frameworks/XCTest.framework; sourceTree = DEVELOPER_DIR; };
		94ECE91419A103E900E2641B /* Quizlet.h */ = {isa = PBXFileReference; fileEncoding = 4; lastKnownFileType = sourcecode.c.h; name = Quizlet.h; path = Quizlet/Quizlet.h; sourceTree = "<group>"; };
		94ECE91519A103E900E2641B /* Quizlet.m */ = {isa = PBXFileReference; fileEncoding = 4; lastKnownFileType = sourcecode.c.objc; name = Quizlet.m; path = Quizlet/Quizlet.m; sourceTree = "<group>"; };
		9AD079B923374187BE0F03A3 /* Pods.xcconfig */ = {isa = PBXFileReference; includeInIndex = 1; lastKnownFileType = text.xcconfig; name = Pods.xcconfig; path = Pods/Pods.xcconfig; sourceTree = "<group>"; };
/* End PBXFileReference section */

/* Begin PBXFrameworksBuildPhase section */
		94ECE8D119A0D5FD00E2641B /* Frameworks */ = {
			isa = PBXFrameworksBuildPhase;
			buildActionMask = 2147483647;
			files = (
				94ECE8DA19A0D5FD00E2641B /* CoreGraphics.framework in Frameworks */,
				94ECE8DC19A0D5FD00E2641B /* UIKit.framework in Frameworks */,
				94ECE8D819A0D5FD00E2641B /* Foundation.framework in Frameworks */,
				7A80A10994A74AAABBD1F323 /* libPods.a in Frameworks */,
			);
			runOnlyForDeploymentPostprocessing = 0;
		};
/* End PBXFrameworksBuildPhase section */

/* Begin PBXGroup section */
		6D2AAFEF19A6458400D0D55A /* Example */ = {
			isa = PBXGroup;
			children = (
				94ECE8E619A0D5FD00E2641B /* QZAppDelegate.h */,
				94ECE8E719A0D5FD00E2641B /* QZAppDelegate.m */,
				6D54A0D819A4DD1A009D9E95 /* QZExamplesViewController.h */,
				6D54A0D919A4DD1A009D9E95 /* QZExamplesViewController.m */,
				6D54A0DB19A4E4A3009D9E95 /* QZExamplesTableViewCell.h */,
				6D54A0DC19A4E4A3009D9E95 /* QZExamplesTableViewCell.m */,
				6D54A0DE19A4EB78009D9E95 /* QZUsersViewController.h */,
				6D54A0DF19A4EB78009D9E95 /* QZUsersViewController.m */,
			);
			name = Example;
			sourceTree = "<group>";
		};
		6D2AAFF019A645C900D0D55A /* Assets */ = {
			isa = PBXGroup;
			children = (
				94ECE8F219A0D5FD00E2641B /* Images.xcassets */,
			);
			name = Assets;
			sourceTree = "<group>";
		};
		6D2AAFF119A645E300D0D55A /* Storyboard */ = {
			isa = PBXGroup;
			children = (
				94ECE8E919A0D5FD00E2641B /* Main_iPhone.storyboard */,
				94ECE8EC19A0D5FD00E2641B /* Main_iPad.storyboard */,
			);
			name = Storyboard;
			sourceTree = "<group>";
		};
		94ECE8CB19A0D5FD00E2641B = {
			isa = PBXGroup;
			children = (
				94ECE8DD19A0D5FD00E2641B /* ios_quizlet_client */,
				94ECE8D619A0D5FD00E2641B /* Frameworks */,
				94ECE8D519A0D5FD00E2641B /* Products */,
				9AD079B923374187BE0F03A3 /* Pods.xcconfig */,
			);
			sourceTree = "<group>";
		};
		94ECE8D519A0D5FD00E2641B /* Products */ = {
			isa = PBXGroup;
			children = (
				94ECE8D419A0D5FD00E2641B /* ios_quizlet_client.app */,
			);
			name = Products;
			sourceTree = "<group>";
		};
		94ECE8D619A0D5FD00E2641B /* Frameworks */ = {
			isa = PBXGroup;
			children = (
				94ECE8D719A0D5FD00E2641B /* Foundation.framework */,
				94ECE8D919A0D5FD00E2641B /* CoreGraphics.framework */,
				94ECE8DB19A0D5FD00E2641B /* UIKit.framework */,
				94ECE8F919A0D5FE00E2641B /* XCTest.framework */,
				730FF9D1886F4066A8E08E69 /* libPods.a */,
			);
			name = Frameworks;
			sourceTree = "<group>";
		};
		94ECE8DD19A0D5FD00E2641B /* ios_quizlet_client */ = {
			isa = PBXGroup;
			children = (
				6D2AAFEF19A6458400D0D55A /* Example */,
				94ECE91319A103CC00E2641B /* Quizlet */,
				6D2AAFF119A645E300D0D55A /* Storyboard */,
				94ECE8DE19A0D5FD00E2641B /* Supporting Files */,
				6D2AAFF019A645C900D0D55A /* Assets */,
			);
			path = ios_quizlet_client;
			sourceTree = "<group>";
		};
		94ECE8DE19A0D5FD00E2641B /* Supporting Files */ = {
			isa = PBXGroup;
			children = (
				94ECE8DF19A0D5FD00E2641B /* ios_quizlet_client-Info.plist */,
				94ECE8E019A0D5FD00E2641B /* InfoPlist.strings */,
				94ECE8E319A0D5FD00E2641B /* main.m */,
				94ECE8E519A0D5FD00E2641B /* ios_quizlet_client-Prefix.pch */,
			);
			name = "Supporting Files";
			sourceTree = "<group>";
		};
		94ECE91319A103CC00E2641B /* Quizlet */ = {
			isa = PBXGroup;
			children = (
				94ECE91419A103E900E2641B /* Quizlet.h */,
				94ECE91519A103E900E2641B /* Quizlet.m */,
				9437A27419A278510071E1C1 /* QuizletConfig.h */,
				6D771B3C19A22A840085A2BE /* QuizletAuth.h */,
				6D771B3D19A22A840085A2BE /* QuizletAuth.m */,
				6D771B4619A2327C0085A2BE /* QuizletScope.h */,
				6D771B3F19A22AC30085A2BE /* QuizletSets.h */,
				6D771B4019A22AC30085A2BE /* QuizletSets.m */,
				6D771B4219A22AE30085A2BE /* QuizletRequest.h */,
				6D771B4319A22AE30085A2BE /* QuizletRequest.m */,
				9437A27019A261CA0071E1C1 /* QuizletUsers.h */,
				9437A27119A261CA0071E1C1 /* QuizletUsers.m */,
				6D425EC519A33EF70060E543 /* QuizletClasses.h */,
				6D425EC619A33EF70060E543 /* QuizletClasses.m */,
				6D425EC819A33F0E0060E543 /* QuizletImages.h */,
				6D425EC919A33F0E0060E543 /* QuizletImages.m */,
				6D425ECB19A33F250060E543 /* QuizletSearch.h */,
				6D425ECC19A33F250060E543 /* QuizletSearch.m */,
			);
			name = Quizlet;
			sourceTree = "<group>";
		};
/* End PBXGroup section */

/* Begin PBXNativeTarget section */
		94ECE8D319A0D5FD00E2641B /* ios_quizlet_client */ = {
			isa = PBXNativeTarget;
			buildConfigurationList = 94ECE90919A0D5FE00E2641B /* Build configuration list for PBXNativeTarget "ios_quizlet_client" */;
			buildPhases = (
				E8818F0ECA6D4B949E220C71 /* Check Pods Manifest.lock */,
				94ECE8D019A0D5FD00E2641B /* Sources */,
				94ECE8D119A0D5FD00E2641B /* Frameworks */,
				94ECE8D219A0D5FD00E2641B /* Resources */,
				B5D598E34F14481CB3666E7B /* Copy Pods Resources */,
			);
			buildRules = (
			);
			dependencies = (
			);
			name = ios_quizlet_client;
			productName = ios_quizlet_client;
			productReference = 94ECE8D419A0D5FD00E2641B /* ios_quizlet_client.app */;
			productType = "com.apple.product-type.application";
		};
/* End PBXNativeTarget section */

/* Begin PBXProject section */
		94ECE8CC19A0D5FD00E2641B /* Project object */ = {
			isa = PBXProject;
			attributes = {
				CLASSPREFIX = QZ;
				LastUpgradeCheck = 0510;
				ORGANIZATIONNAME = "Maxim Bilan";
			};
			buildConfigurationList = 94ECE8CF19A0D5FD00E2641B /* Build configuration list for PBXProject "ios_quizlet_client" */;
			compatibilityVersion = "Xcode 3.2";
			developmentRegion = English;
			hasScannedForEncodings = 0;
			knownRegions = (
				en,
				Base,
			);
			mainGroup = 94ECE8CB19A0D5FD00E2641B;
			productRefGroup = 94ECE8D519A0D5FD00E2641B /* Products */;
			projectDirPath = "";
			projectRoot = "";
			targets = (
				94ECE8D319A0D5FD00E2641B /* ios_quizlet_client */,
			);
		};
/* End PBXProject section */

/* Begin PBXResourcesBuildPhase section */
		94ECE8D219A0D5FD00E2641B /* Resources */ = {
			isa = PBXResourcesBuildPhase;
			buildActionMask = 2147483647;
			files = (
				94ECE8EE19A0D5FD00E2641B /* Main_iPad.storyboard in Resources */,
				94ECE8F319A0D5FD00E2641B /* Images.xcassets in Resources */,
				94ECE8EB19A0D5FD00E2641B /* Main_iPhone.storyboard in Resources */,
				94ECE8E219A0D5FD00E2641B /* InfoPlist.strings in Resources */,
			);
			runOnlyForDeploymentPostprocessing = 0;
		};
/* End PBXResourcesBuildPhase section */

/* Begin PBXShellScriptBuildPhase section */
		B5D598E34F14481CB3666E7B /* Copy Pods Resources */ = {
			isa = PBXShellScriptBuildPhase;
			buildActionMask = 2147483647;
			files = (
			);
			inputPaths = (
			);
			name = "Copy Pods Resources";
			outputPaths = (
			);
			runOnlyForDeploymentPostprocessing = 0;
			shellPath = /bin/sh;
			shellScript = "\"${SRCROOT}/Pods/Pods-resources.sh\"\n";
			showEnvVarsInLog = 0;
		};
		E8818F0ECA6D4B949E220C71 /* Check Pods Manifest.lock */ = {
			isa = PBXShellScriptBuildPhase;
			buildActionMask = 2147483647;
			files = (
			);
			inputPaths = (
			);
			name = "Check Pods Manifest.lock";
			outputPaths = (
			);
			runOnlyForDeploymentPostprocessing = 0;
			shellPath = /bin/sh;
			shellScript = "diff \"${PODS_ROOT}/../Podfile.lock\" \"${PODS_ROOT}/Manifest.lock\" > /dev/null\nif [[ $? != 0 ]] ; then\n    cat << EOM\nerror: The sandbox is not in sync with the Podfile.lock. Run 'pod install' or update your CocoaPods installation.\nEOM\n    exit 1\nfi\n";
			showEnvVarsInLog = 0;
		};
/* End PBXShellScriptBuildPhase section */

/* Begin PBXSourcesBuildPhase section */
		94ECE8D019A0D5FD00E2641B /* Sources */ = {
			isa = PBXSourcesBuildPhase;
			buildActionMask = 2147483647;
			files = (
				6D771B3E19A22A840085A2BE /* QuizletAuth.m in Sources */,
				94ECE8E419A0D5FD00E2641B /* main.m in Sources */,
				6D771B4419A22AE30085A2BE /* QuizletRequest.m in Sources */,
				6D425EC719A33EF70060E543 /* QuizletClasses.m in Sources */,
				9437A27219A261CA0071E1C1 /* QuizletUsers.m in Sources */,
				6D54A0E019A4EB78009D9E95 /* QZUsersViewController.m in Sources */,
				6D54A0DA19A4DD1A009D9E95 /* QZExamplesViewController.m in Sources */,
				94ECE8E819A0D5FD00E2641B /* QZAppDelegate.m in Sources */,
				94ECE91619A103E900E2641B /* Quizlet.m in Sources */,
				6D54A0DD19A4E4A3009D9E95 /* QZExamplesTableViewCell.m in Sources */,
				6D425ECA19A33F0E0060E543 /* QuizletImages.m in Sources */,
				6D425ECD19A33F250060E543 /* QuizletSearch.m in Sources */,
				6D771B4119A22AC30085A2BE /* QuizletSets.m in Sources */,
			);
			runOnlyForDeploymentPostprocessing = 0;
		};
/* End PBXSourcesBuildPhase section */

/* Begin PBXVariantGroup section */
		94ECE8E019A0D5FD00E2641B /* InfoPlist.strings */ = {
			isa = PBXVariantGroup;
			children = (
				94ECE8E119A0D5FD00E2641B /* en */,
			);
			name = InfoPlist.strings;
			sourceTree = "<group>";
		};
		94ECE8E919A0D5FD00E2641B /* Main_iPhone.storyboard */ = {
			isa = PBXVariantGroup;
			children = (
				94ECE8EA19A0D5FD00E2641B /* Base */,
			);
			name = Main_iPhone.storyboard;
			sourceTree = "<group>";
		};
		94ECE8EC19A0D5FD00E2641B /* Main_iPad.storyboard */ = {
			isa = PBXVariantGroup;
			children = (
				94ECE8ED19A0D5FD00E2641B /* Base */,
			);
			name = Main_iPad.storyboard;
			sourceTree = "<group>";
		};
/* End PBXVariantGroup section */

/* Begin XCBuildConfiguration section */
		94ECE90719A0D5FE00E2641B /* Debug */ = {
			isa = XCBuildConfiguration;
			buildSettings = {
				ALWAYS_SEARCH_USER_PATHS = NO;
				CLANG_CXX_LANGUAGE_STANDARD = "gnu++0x";
				CLANG_CXX_LIBRARY = "libc++";
				CLANG_ENABLE_MODULES = YES;
				CLANG_ENABLE_OBJC_ARC = YES;
				CLANG_WARN_BOOL_CONVERSION = YES;
				CLANG_WARN_CONSTANT_CONVERSION = YES;
				CLANG_WARN_DIRECT_OBJC_ISA_USAGE = YES_ERROR;
				CLANG_WARN_EMPTY_BODY = YES;
				CLANG_WARN_ENUM_CONVERSION = YES;
				CLANG_WARN_INT_CONVERSION = YES;
				CLANG_WARN_OBJC_ROOT_CLASS = YES_ERROR;
				CLANG_WARN__DUPLICATE_METHOD_MATCH = YES;
				"CODE_SIGN_IDENTITY[sdk=iphoneos*]" = "iPhone Developer";
				COPY_PHASE_STRIP = NO;
				GCC_C_LANGUAGE_STANDARD = gnu99;
				GCC_DYNAMIC_NO_PIC = NO;
				GCC_OPTIMIZATION_LEVEL = 0;
				GCC_PREPROCESSOR_DEFINITIONS = (
					"DEBUG=1",
					"$(inherited)",
				);
				GCC_SYMBOLS_PRIVATE_EXTERN = NO;
				GCC_WARN_64_TO_32_BIT_CONVERSION = YES;
				GCC_WARN_ABOUT_RETURN_TYPE = YES_ERROR;
				GCC_WARN_UNDECLARED_SELECTOR = YES;
				GCC_WARN_UNINITIALIZED_AUTOS = YES_AGGRESSIVE;
				GCC_WARN_UNUSED_FUNCTION = YES;
				GCC_WARN_UNUSED_VARIABLE = YES;
				IPHONEOS_DEPLOYMENT_TARGET = 7.1;
				ONLY_ACTIVE_ARCH = YES;
				SDKROOT = iphoneos;
				TARGETED_DEVICE_FAMILY = "1,2";
			};
			name = Debug;
		};
		94ECE90819A0D5FE00E2641B /* Release */ = {
			isa = XCBuildConfiguration;
			buildSettings = {
				ALWAYS_SEARCH_USER_PATHS = NO;
				CLANG_CXX_LANGUAGE_STANDARD = "gnu++0x";
				CLANG_CXX_LIBRARY = "libc++";
				CLANG_ENABLE_MODULES = YES;
				CLANG_ENABLE_OBJC_ARC = YES;
				CLANG_WARN_BOOL_CONVERSION = YES;
				CLANG_WARN_CONSTANT_CONVERSION = YES;
				CLANG_WARN_DIRECT_OBJC_ISA_USAGE = YES_ERROR;
				CLANG_WARN_EMPTY_BODY = YES;
				CLANG_WARN_ENUM_CONVERSION = YES;
				CLANG_WARN_INT_CONVERSION = YES;
				CLANG_WARN_OBJC_ROOT_CLASS = YES_ERROR;
				CLANG_WARN__DUPLICATE_METHOD_MATCH = YES;
				"CODE_SIGN_IDENTITY[sdk=iphoneos*]" = "iPhone Developer";
				COPY_PHASE_STRIP = YES;
				ENABLE_NS_ASSERTIONS = NO;
				GCC_C_LANGUAGE_STANDARD = gnu99;
				GCC_WARN_64_TO_32_BIT_CONVERSION = YES;
				GCC_WARN_ABOUT_RETURN_TYPE = YES_ERROR;
				GCC_WARN_UNDECLARED_SELECTOR = YES;
				GCC_WARN_UNINITIALIZED_AUTOS = YES_AGGRESSIVE;
				GCC_WARN_UNUSED_FUNCTION = YES;
				GCC_WARN_UNUSED_VARIABLE = YES;
				IPHONEOS_DEPLOYMENT_TARGET = 7.1;
				SDKROOT = iphoneos;
				TARGETED_DEVICE_FAMILY = "1,2";
				VALIDATE_PRODUCT = YES;
			};
			name = Release;
		};
		94ECE90A19A0D5FE00E2641B /* Debug */ = {
			isa = XCBuildConfiguration;
			baseConfigurationReference = 9AD079B923374187BE0F03A3 /* Pods.xcconfig */;
			buildSettings = {
				ASSETCATALOG_COMPILER_APPICON_NAME = AppIcon;
				ASSETCATALOG_COMPILER_LAUNCHIMAGE_NAME = LaunchImage;
				GCC_PRECOMPILE_PREFIX_HEADER = YES;
				GCC_PREFIX_HEADER = "ios_quizlet_client/ios_quizlet_client-Prefix.pch";
				INFOPLIST_FILE = "ios_quizlet_client/ios_quizlet_client-Info.plist";
				PRODUCT_NAME = "$(TARGET_NAME)";
				WRAPPER_EXTENSION = app;
			};
			name = Debug;
		};
		94ECE90B19A0D5FE00E2641B /* Release */ = {
			isa = XCBuildConfiguration;
			baseConfigurationReference = 9AD079B923374187BE0F03A3 /* Pods.xcconfig */;
			buildSettings = {
				ASSETCATALOG_COMPILER_APPICON_NAME = AppIcon;
				ASSETCATALOG_COMPILER_LAUNCHIMAGE_NAME = LaunchImage;
				GCC_PRECOMPILE_PREFIX_HEADER = YES;
				GCC_PREFIX_HEADER = "ios_quizlet_client/ios_quizlet_client-Prefix.pch";
				INFOPLIST_FILE = "ios_quizlet_client/ios_quizlet_client-Info.plist";
				PRODUCT_NAME = "$(TARGET_NAME)";
				WRAPPER_EXTENSION = app;
			};
			name = Release;
		};
/* End XCBuildConfiguration section */

/* Begin XCConfigurationList section */
		94ECE8CF19A0D5FD00E2641B /* Build configuration list for PBXProject "ios_quizlet_client" */ = {
			isa = XCConfigurationList;
			buildConfigurations = (
				94ECE90719A0D5FE00E2641B /* Debug */,
				94ECE90819A0D5FE00E2641B /* Release */,
			);
			defaultConfigurationIsVisible = 0;
			defaultConfigurationName = Release;
		};
		94ECE90919A0D5FE00E2641B /* Build configuration list for PBXNativeTarget "ios_quizlet_client" */ = {
			isa = XCConfigurationList;
			buildConfigurations = (
				94ECE90A19A0D5FE00E2641B /* Debug */,
				94ECE90B19A0D5FE00E2641B /* Release */,
			);
			defaultConfigurationIsVisible = 0;
			defaultConfigurationName = Release;
		};
/* End XCConfigurationList section */
	};
	rootObject = 94ECE8CC19A0D5FD00E2641B /* Project object */;
}
