PODS:
  - AFNetworkActivityLogger (2.0.4):
    - AFNetworking/NSURLConnection (~> 2.0)
    - AFNetworking/NSURLSession (~> 2.0)
  - AFNetworking (2.5.2):
    - AFNetworking/NSURLConnection (= 2.5.2)
    - AFNetworking/NSURLSession (= 2.5.2)
    - AFNetworking/Reachability (= 2.5.2)
    - AFNetworking/Security (= 2.5.2)
    - AFNetworking/Serialization (= 2.5.2)
    - AFNetworking/UIKit (= 2.5.2)
  - AFNetworking/NSURLConnection (2.5.2):
    - AFNetworking/Reachability
    - AFNetworking/Security
    - AFNetworking/Serialization
  - AFNetworking/NSURLSession (2.5.2):
    - AFNetworking/Reachability
    - AFNetworking/Security
    - AFNetworking/Serialization
  - AFNetworking/Reachability (2.5.2)
  - AFNetworking/Security (2.5.2)
  - AFNetworking/Serialization (2.5.2)
  - AFNetworking/UIKit (2.5.2):
    - AFNetworking/NSURLConnection
    - AFNetworking/NSURLSession
  - WaitSpinner (0.1.1)

DEPENDENCIES:
  - AFNetworkActivityLogger
  - AFNetworking
  - WaitSpinner

SPEC CHECKSUMS:
  AFNetworkActivityLogger: 121486778117d53b3ab1c61d264b88081d0c3eee
  AFNetworking: fefbce9660acb17f48ae0011292d4da0f457bf36
  WaitSpinner: 61e2629a25e5e43b44d331daddaa3926bc7858cc

COCOAPODS: 0.36.3
